// !$*UTF8*$!
{
	archiveVersion = 1;
	classes = {
	};
	objectVersion = 46;
	objects = {

/* Begin PBXBuildFile section */
		76E1E9221F6DB0DC005C547E /* AppDelegate.swift in Sources */ = {isa = PBXBuildFile; fileRef = 76E1E9211F6DB0DC005C547E /* AppDelegate.swift */; };
		76E1E9241F6DB0DC005C547E /* ViewController.swift in Sources */ = {isa = PBXBuildFile; fileRef = 76E1E9231F6DB0DC005C547E /* ViewController.swift */; };
		76E1E9271F6DB0DC005C547E /* Main.storyboard in Resources */ = {isa = PBXBuildFile; fileRef = 76E1E9251F6DB0DC005C547E /* Main.storyboard */; };
		76E1E9291F6DB0DC005C547E /* Assets.xcassets in Resources */ = {isa = PBXBuildFile; fileRef = 76E1E9281F6DB0DC005C547E /* Assets.xcassets */; };
		76E1E92C1F6DB0DC005C547E /* LaunchScreen.storyboard in Resources */ = {isa = PBXBuildFile; fileRef = 76E1E92A1F6DB0DC005C547E /* LaunchScreen.storyboard */; };
		76E1E9371F6DB0DC005C547E /* ZamanlayiciTests.swift in Sources */ = {isa = PBXBuildFile; fileRef = 76E1E9361F6DB0DC005C547E /* ZamanlayiciTests.swift */; };
		76E1E9421F6DB0DC005C547E /* ZamanlayiciUITests.swift in Sources */ = {isa = PBXBuildFile; fileRef = 76E1E9411F6DB0DC005C547E /* ZamanlayiciUITests.swift */; };
/* End PBXBuildFile section */

/* Begin PBXContainerItemProxy section */
		76E1E9331F6DB0DC005C547E /* PBXContainerItemProxy */ = {
			isa = PBXContainerItemProxy;
			containerPortal = 76E1E9161F6DB0DC005C547E /* Project object */;
			proxyType = 1;
			remoteGlobalIDString = 76E1E91D1F6DB0DC005C547E;
			remoteInfo = Zamanlayici;
		};
		76E1E93E1F6DB0DC005C547E /* PBXContainerItemProxy */ = {
			isa = PBXContainerItemProxy;
			containerPortal = 76E1E9161F6DB0DC005C547E /* Project object */;
			proxyType = 1;
			remoteGlobalIDString = 76E1E91D1F6DB0DC005C547E;
			remoteInfo = Zamanlayici;
		};
/* End PBXContainerItemProxy section */

/* Begin PBXFileReference section */
		76E1E91E1F6DB0DC005C547E /* Zamanlayici.app */ = {isa = PBXFileReference; explicitFileType = wrapper.application; includeInIndex = 0; path = Zamanlayici.app; sourceTree = BUILT_PRODUCTS_DIR; };
		76E1E9211F6DB0DC005C547E /* AppDelegate.swift */ = {isa = PBXFileReference; lastKnownFileType = sourcecode.swift; path = AppDelegate.swift; sourceTree = "<group>"; };
		76E1E9231F6DB0DC005C547E /* ViewController.swift */ = {isa = PBXFileReference; lastKnownFileType = sourcecode.swift; path = ViewController.swift; sourceTree = "<group>"; };
		76E1E9261F6DB0DC005C547E /* Base */ = {isa = PBXFileReference; lastKnownFileType = file.storyboard; name = Base; path = Base.lproj/Main.storyboard; sourceTree = "<group>"; };
		76E1E9281F6DB0DC005C547E /* Assets.xcassets */ = {isa = PBXFileReference; lastKnownFileType = folder.assetcatalog; path = Assets.xcassets; sourceTree = "<group>"; };
		76E1E92B1F6DB0DC005C547E /* Base */ = {isa = PBXFileReference; lastKnownFileType = file.storyboard; name = Base; path = Base.lproj/LaunchScreen.storyboard; sourceTree = "<group>"; };
		76E1E92D1F6DB0DC005C547E /* Info.plist */ = {isa = PBXFileReference; lastKnownFileType = text.plist.xml; path = Info.plist; sourceTree = "<group>"; };
		76E1E9321F6DB0DC005C547E /* ZamanlayiciTests.xctest */ = {isa = PBXFileReference; explicitFileType = wrapper.cfbundle; includeInIndex = 0; path = ZamanlayiciTests.xctest; sourceTree = BUILT_PRODUCTS_DIR; };
		76E1E9361F6DB0DC005C547E /* ZamanlayiciTests.swift */ = {isa = PBXFileReference; lastKnownFileType = sourcecode.swift; path = ZamanlayiciTests.swift; sourceTree = "<group>"; };
		76E1E9381F6DB0DC005C547E /* Info.plist */ = {isa = PBXFileReference; lastKnownFileType = text.plist.xml; path = Info.plist; sourceTree = "<group>"; };
		76E1E93D1F6DB0DC005C547E /* ZamanlayiciUITests.xctest */ = {isa = PBXFileReference; explicitFileType = wrapper.cfbundle; includeInIndex = 0; path = ZamanlayiciUITests.xctest; sourceTree = BUILT_PRODUCTS_DIR; };
		76E1E9411F6DB0DC005C547E /* ZamanlayiciUITests.swift */ = {isa = PBXFileReference; lastKnownFileType = sourcecode.swift; path = ZamanlayiciUITests.swift; sourceTree = "<group>"; };
		76E1E9431F6DB0DC005C547E /* Info.plist */ = {isa = PBXFileReference; lastKnownFileType = text.plist.xml; path = Info.plist; sourceTree = "<group>"; };
/* End PBXFileReference section */

/* Begin PBXFrameworksBuildPhase section */
		76E1E91B1F6DB0DC005C547E /* Frameworks */ = {
			isa = PBXFrameworksBuildPhase;
			buildActionMask = 2147483647;
			files = (
			);
			runOnlyForDeploymentPostprocessing = 0;
		};
		76E1E92F1F6DB0DC005C547E /* Frameworks */ = {
			isa = PBXFrameworksBuildPhase;
			buildActionMask = 2147483647;
			files = (
			);
			runOnlyForDeploymentPostprocessing = 0;
		};
		76E1E93A1F6DB0DC005C547E /* Frameworks */ = {
			isa = PBXFrameworksBuildPhase;
			buildActionMask = 2147483647;
			files = (
			);
			runOnlyForDeploymentPostprocessing = 0;
		};
/* End PBXFrameworksBuildPhase section */

/* Begin PBXGroup section */
		76E1E9151F6DB0DC005C547E = {
			isa = PBXGroup;
			children = (
				76E1E9201F6DB0DC005C547E /* Zamanlayici */,
				76E1E9351F6DB0DC005C547E /* ZamanlayiciTests */,
				76E1E9401F6DB0DC005C547E /* ZamanlayiciUITests */,
				76E1E91F1F6DB0DC005C547E /* Products */,
			);
			sourceTree = "<group>";
		};
		76E1E91F1F6DB0DC005C547E /* Products */ = {
			isa = PBXGroup;
			children = (
				76E1E91E1F6DB0DC005C547E /* Zamanlayici.app */,
				76E1E9321F6DB0DC005C547E /* ZamanlayiciTests.xctest */,
				76E1E93D1F6DB0DC005C547E /* ZamanlayiciUITests.xctest */,
			);
			name = Products;
			sourceTree = "<group>";
		};
		76E1E9201F6DB0DC005C547E /* Zamanlayici */ = {
			isa = PBXGroup;
			children = (
				76E1E9211F6DB0DC005C547E /* AppDelegate.swift */,
				76E1E9231F6DB0DC005C547E /* ViewController.swift */,
				76E1E9251F6DB0DC005C547E /* Main.storyboard */,
				76E1E9281F6DB0DC005C547E /* Assets.xcassets */,
				76E1E92A1F6DB0DC005C547E /* LaunchScreen.storyboard */,
				76E1E92D1F6DB0DC005C547E /* Info.plist */,
			);
			path = Zamanlayici;
			sourceTree = "<group>";
		};
		76E1E9351F6DB0DC005C547E /* ZamanlayiciTests */ = {
			isa = PBXGroup;
			children = (
				76E1E9361F6DB0DC005C547E /* ZamanlayiciTests.swift */,
				76E1E9381F6DB0DC005C547E /* Info.plist */,
			);
			path = ZamanlayiciTests;
			sourceTree = "<group>";
		};
		76E1E9401F6DB0DC005C547E /* ZamanlayiciUITests */ = {
			isa = PBXGroup;
			children = (
				76E1E9411F6DB0DC005C547E /* ZamanlayiciUITests.swift */,
				76E1E9431F6DB0DC005C547E /* Info.plist */,
			);
			path = ZamanlayiciUITests;
			sourceTree = "<group>";
		};
/* End PBXGroup section */

/* Begin PBXNativeTarget section */
		76E1E91D1F6DB0DC005C547E /* Zamanlayici */ = {
			isa = PBXNativeTarget;
			buildConfigurationList = 76E1E9461F6DB0DC005C547E /* Build configuration list for PBXNativeTarget "Zamanlayici" */;
			buildPhases = (
				76E1E91A1F6DB0DC005C547E /* Sources */,
				76E1E91B1F6DB0DC005C547E /* Frameworks */,
				76E1E91C1F6DB0DC005C547E /* Resources */,
			);
			buildRules = (
			);
			dependencies = (
			);
			name = Zamanlayici;
			productName = Zamanlayici;
			productReference = 76E1E91E1F6DB0DC005C547E /* Zamanlayici.app */;
			productType = "com.apple.product-type.application";
		};
		76E1E9311F6DB0DC005C547E /* ZamanlayiciTests */ = {
			isa = PBXNativeTarget;
			buildConfigurationList = 76E1E9491F6DB0DC005C547E /* Build configuration list for PBXNativeTarget "ZamanlayiciTests" */;
			buildPhases = (
				76E1E92E1F6DB0DC005C547E /* Sources */,
				76E1E92F1F6DB0DC005C547E /* Frameworks */,
				76E1E9301F6DB0DC005C547E /* Resources */,
			);
			buildRules = (
			);
			dependencies = (
				76E1E9341F6DB0DC005C547E /* PBXTargetDependency */,
			);
			name = ZamanlayiciTests;
			productName = ZamanlayiciTests;
			productReference = 76E1E9321F6DB0DC005C547E /* ZamanlayiciTests.xctest */;
			productType = "com.apple.product-type.bundle.unit-test";
		};
		76E1E93C1F6DB0DC005C547E /* ZamanlayiciUITests */ = {
			isa = PBXNativeTarget;
			buildConfigurationList = 76E1E94C1F6DB0DC005C547E /* Build configuration list for PBXNativeTarget "ZamanlayiciUITests" */;
			buildPhases = (
				76E1E9391F6DB0DC005C547E /* Sources */,
				76E1E93A1F6DB0DC005C547E /* Frameworks */,
				76E1E93B1F6DB0DC005C547E /* Resources */,
			);
			buildRules = (
			);
			dependencies = (
				76E1E93F1F6DB0DC005C547E /* PBXTargetDependency */,
			);
			name = ZamanlayiciUITests;
			productName = ZamanlayiciUITests;
			productReference = 76E1E93D1F6DB0DC005C547E /* ZamanlayiciUITests.xctest */;
			productType = "com.apple.product-type.bundle.ui-testing";
		};
/* End PBXNativeTarget section */

/* Begin PBXProject section */
		76E1E9161F6DB0DC005C547E /* Project object */ = {
			isa = PBXProject;
			attributes = {
				LastSwiftUpdateCheck = 0820;
				LastUpgradeCheck = 0820;
				ORGANIZATIONNAME = "Emin Soner TÜRK";
				TargetAttributes = {
					76E1E91D1F6DB0DC005C547E = {
						CreatedOnToolsVersion = 8.2.1;
						ProvisioningStyle = Automatic;
					};
					76E1E9311F6DB0DC005C547E = {
						CreatedOnToolsVersion = 8.2.1;
						ProvisioningStyle = Automatic;
						TestTargetID = 76E1E91D1F6DB0DC005C547E;
					};
					76E1E93C1F6DB0DC005C547E = {
						CreatedOnToolsVersion = 8.2.1;
						ProvisioningStyle = Automatic;
						TestTargetID = 76E1E91D1F6DB0DC005C547E;
					};
				};
			};
			buildConfigurationList = 76E1E9191F6DB0DC005C547E /* Build configuration list for PBXProject "Zamanlayici" */;
			compatibilityVersion = "Xcode 3.2";
			developmentRegion = English;
			hasScannedForEncodings = 0;
			knownRegions = (
				en,
				Base,
			);
			mainGroup = 76E1E9151F6DB0DC005C547E;
			productRefGroup = 76E1E91F1F6DB0DC005C547E /* Products */;
			projectDirPath = "";
			projectRoot = "";
			targets = (
				76E1E91D1F6DB0DC005C547E /* Zamanlayici */,
				76E1E9311F6DB0DC005C547E /* ZamanlayiciTests */,
				76E1E93C1F6DB0DC005C547E /* ZamanlayiciUITests */,
			);
		};
/* End PBXProject section */

/* Begin PBXResourcesBuildPhase section */
		76E1E91C1F6DB0DC005C547E /* Resources */ = {
			isa = PBXResourcesBuildPhase;
			buildActionMask = 2147483647;
			files = (
				76E1E92C1F6DB0DC005C547E /* LaunchScreen.storyboard in Resources */,
				76E1E9291F6DB0DC005C547E /* Assets.xcassets in Resources */,
				76E1E9271F6DB0DC005C547E /* Main.storyboard in Resources */,
			);
			runOnlyForDeploymentPostprocessing = 0;
		};
		76E1E9301F6DB0DC005C547E /* Resources */ = {
			isa = PBXResourcesBuildPhase;
			buildActionMask = 2147483647;
			files = (
			);
			runOnlyForDeploymentPostprocessing = 0;
		};
		76E1E93B1F6DB0DC005C547E /* Resources */ = {
			isa = PBXResourcesBuildPhase;
			buildActionMask = 2147483647;
			files = (
			);
			runOnlyForDeploymentPostprocessing = 0;
		};
/* End PBXResourcesBuildPhase section */

/* Begin PBXSourcesBuildPhase section */
		76E1E91A1F6DB0DC005C547E /* Sources */ = {
			isa = PBXSourcesBuildPhase;
			buildActionMask = 2147483647;
			files = (
				76E1E9241F6DB0DC005C547E /* ViewController.swift in Sources */,
				76E1E9221F6DB0DC005C547E /* AppDelegate.swift in Sources */,
			);
			runOnlyForDeploymentPostprocessing = 0;
		};
		76E1E92E1F6DB0DC005C547E /* Sources */ = {
			isa = PBXSourcesBuildPhase;
			buildActionMask = 2147483647;
			files = (
				76E1E9371F6DB0DC005C547E /* ZamanlayiciTests.swift in Sources */,
			);
			runOnlyForDeploymentPostprocessing = 0;
		};
		76E1E9391F6DB0DC005C547E /* Sources */ = {
			isa = PBXSourcesBuildPhase;
			buildActionMask = 2147483647;
			files = (
				76E1E9421F6DB0DC005C547E /* ZamanlayiciUITests.swift in Sources */,
			);
			runOnlyForDeploymentPostprocessing = 0;
		};
/* End PBXSourcesBuildPhase section */

/* Begin PBXTargetDependency section */
		76E1E9341F6DB0DC005C547E /* PBXTargetDependency */ = {
			isa = PBXTargetDependency;
			target = 76E1E91D1F6DB0DC005C547E /* Zamanlayici */;
			targetProxy = 76E1E9331F6DB0DC005C547E /* PBXContainerItemProxy */;
		};
		76E1E93F1F6DB0DC005C547E /* PBXTargetDependency */ = {
			isa = PBXTargetDependency;
			target = 76E1E91D1F6DB0DC005C547E /* Zamanlayici */;
			targetProxy = 76E1E93E1F6DB0DC005C547E /* PBXContainerItemProxy */;
		};
/* End PBXTargetDependency section */

/* Begin PBXVariantGroup section */
		76E1E9251F6DB0DC005C547E /* Main.storyboard */ = {
			isa = PBXVariantGroup;
			children = (
				76E1E9261F6DB0DC005C547E /* Base */,
			);
			name = Main.storyboard;
			sourceTree = "<group>";
		};
		76E1E92A1F6DB0DC005C547E /* LaunchScreen.storyboard */ = {
			isa = PBXVariantGroup;
			children = (
				76E1E92B1F6DB0DC005C547E /* Base */,
			);
			name = LaunchScreen.storyboard;
			sourceTree = "<group>";
		};
/* End PBXVariantGroup section */

/* Begin XCBuildConfiguration section */
		76E1E9441F6DB0DC005C547E /* Debug */ = {
			isa = XCBuildConfiguration;
			buildSettings = {
				ALWAYS_SEARCH_USER_PATHS = NO;
				CLANG_ANALYZER_NONNULL = YES;
				CLANG_CXX_LANGUAGE_STANDARD = "gnu++0x";
				CLANG_CXX_LIBRARY = "libc++";
				CLANG_ENABLE_MODULES = YES;
				CLANG_ENABLE_OBJC_ARC = YES;
				CLANG_WARN_BOOL_CONVERSION = YES;
				CLANG_WARN_CONSTANT_CONVERSION = YES;
				CLANG_WARN_DIRECT_OBJC_ISA_USAGE = YES_ERROR;
				CLANG_WARN_DOCUMENTATION_COMMENTS = YES;
				CLANG_WARN_EMPTY_BODY = YES;
				CLANG_WARN_ENUM_CONVERSION = YES;
				CLANG_WARN_INFINITE_RECURSION = YES;
				CLANG_WARN_INT_CONVERSION = YES;
				CLANG_WARN_OBJC_ROOT_CLASS = YES_ERROR;
				CLANG_WARN_SUSPICIOUS_MOVE = YES;
				CLANG_WARN_UNREACHABLE_CODE = YES;
				CLANG_WARN__DUPLICATE_METHOD_MATCH = YES;
				"CODE_SIGN_IDENTITY[sdk=iphoneos*]" = "iPhone Developer";
				COPY_PHASE_STRIP = NO;
				DEBUG_INFORMATION_FORMAT = dwarf;
				ENABLE_STRICT_OBJC_MSGSEND = YES;
				ENABLE_TESTABILITY = YES;
				GCC_C_LANGUAGE_STANDARD = gnu99;
				GCC_DYNAMIC_NO_PIC = NO;
				GCC_NO_COMMON_BLOCKS = YES;
				GCC_OPTIMIZATION_LEVEL = 0;
				GCC_PREPROCESSOR_DEFINITIONS = (
					"DEBUG=1",
					"$(inherited)",
				);
				GCC_WARN_64_TO_32_BIT_CONVERSION = YES;
				GCC_WARN_ABOUT_RETURN_TYPE = YES_ERROR;
				GCC_WARN_UNDECLARED_SELECTOR = YES;
				GCC_WARN_UNINITIALIZED_AUTOS = YES_AGGRESSIVE;
				GCC_WARN_UNUSED_FUNCTION = YES;
				GCC_WARN_UNUSED_VARIABLE = YES;
				IPHONEOS_DEPLOYMENT_TARGET = 10.2;
				MTL_ENABLE_DEBUG_INFO = YES;
				ONLY_ACTIVE_ARCH = YES;
				SDKROOT = iphoneos;
				SWIFT_ACTIVE_COMPILATION_CONDITIONS = DEBUG;
				SWIFT_OPTIMIZATION_LEVEL = "-Onone";
			};
			name = Debug;
		};
		76E1E9451F6DB0DC005C547E /* Release */ = {
			isa = XCBuildConfiguration;
			buildSettings = {
				ALWAYS_SEARCH_USER_PATHS = NO;
				CLANG_ANALYZER_NONNULL = YES;
				CLANG_CXX_LANGUAGE_STANDARD = "gnu++0x";
				CLANG_CXX_LIBRARY = "libc++";
				CLANG_ENABLE_MODULES = YES;
				CLANG_ENABLE_OBJC_ARC = YES;
				CLANG_WARN_BOOL_CONVERSION = YES;
				CLANG_WARN_CONSTANT_CONVERSION = YES;
				CLANG_WARN_DIRECT_OBJC_ISA_USAGE = YES_ERROR;
				CLANG_WARN_DOCUMENTATION_COMMENTS = YES;
				CLANG_WARN_EMPTY_BODY = YES;
				CLANG_WARN_ENUM_CONVERSION = YES;
				CLANG_WARN_INFINITE_RECURSION = YES;
				CLANG_WARN_INT_CONVERSION = YES;
				CLANG_WARN_OBJC_ROOT_CLASS = YES_ERROR;
				CLANG_WARN_SUSPICIOUS_MOVE = YES;
				CLANG_WARN_UNREACHABLE_CODE = YES;
				CLANG_WARN__DUPLICATE_METHOD_MATCH = YES;
				"CODE_SIGN_IDENTITY[sdk=iphoneos*]" = "iPhone Developer";
				COPY_PHASE_STRIP = NO;
				DEBUG_INFORMATION_FORMAT = "dwarf-with-dsym";
				ENABLE_NS_ASSERTIONS = NO;
				ENABLE_STRICT_OBJC_MSGSEND = YES;
				GCC_C_LANGUAGE_STANDARD = gnu99;
				GCC_NO_COMMON_BLOCKS = YES;
				GCC_WARN_64_TO_32_BIT_CONVERSION = YES;
				GCC_WARN_ABOUT_RETURN_TYPE = YES_ERROR;
				GCC_WARN_UNDECLARED_SELECTOR = YES;
				GCC_WARN_UNINITIALIZED_AUTOS = YES_AGGRESSIVE;
				GCC_WARN_UNUSED_FUNCTION = YES;
				GCC_WARN_UNUSED_VARIABLE = YES;
				IPHONEOS_DEPLOYMENT_TARGET = 10.2;
				MTL_ENABLE_DEBUG_INFO = NO;
				SDKROOT = iphoneos;
				SWIFT_OPTIMIZATION_LEVEL = "-Owholemodule";
				VALIDATE_PRODUCT = YES;
			};
			name = Release;
		};
		76E1E9471F6DB0DC005C547E /* Debug */ = {
			isa = XCBuildConfiguration;
			buildSettings = {
				ASSETCATALOG_COMPILER_APPICON_NAME = AppIcon;
				INFOPLIST_FILE = Zamanlayici/Info.plist;
				LD_RUNPATH_SEARCH_PATHS = "$(inherited) @executable_path/Frameworks";
				PRODUCT_BUNDLE_IDENTIFIER = eminsonerturk.Zamanlayici;
				PRODUCT_NAME = "$(TARGET_NAME)";
				SWIFT_VERSION = 3.0;
			};
			name = Debug;
		};
		76E1E9481F6DB0DC005C547E /* Release */ = {
			isa = XCBuildConfiguration;
			buildSettings = {
				ASSETCATALOG_COMPILER_APPICON_NAME = AppIcon;
				INFOPLIST_FILE = Zamanlayici/Info.plist;
				LD_RUNPATH_SEARCH_PATHS = "$(inherited) @executable_path/Frameworks";
				PRODUCT_BUNDLE_IDENTIFIER = eminsonerturk.Zamanlayici;
				PRODUCT_NAME = "$(TARGET_NAME)";
				SWIFT_VERSION = 3.0;
			};
			name = Release;
		};
		76E1E94A1F6DB0DC005C547E /* Debug */ = {
			isa = XCBuildConfiguration;
			buildSettings = {
				ALWAYS_EMBED_SWIFT_STANDARD_LIBRARIES = YES;
				BUNDLE_LOADER = "$(TEST_HOST)";
				INFOPLIST_FILE = ZamanlayiciTests/Info.plist;
				LD_RUNPATH_SEARCH_PATHS = "$(inherited) @executable_path/Frameworks @loader_path/Frameworks";
				PRODUCT_BUNDLE_IDENTIFIER = eminsonerturk.ZamanlayiciTests;
				PRODUCT_NAME = "$(TARGET_NAME)";
				SWIFT_VERSION = 3.0;
				TEST_HOST = "$(BUILT_PRODUCTS_DIR)/Zamanlayici.app/Zamanlayici";
			};
			name = Debug;
		};
		76E1E94B1F6DB0DC005C547E /* Release */ = {
			isa = XCBuildConfiguration;
			buildSettings = {
				ALWAYS_EMBED_SWIFT_STANDARD_LIBRARIES = YES;
				BUNDLE_LOADER = "$(TEST_HOST)";
				INFOPLIST_FILE = ZamanlayiciTests/Info.plist;
				LD_RUNPATH_SEARCH_PATHS = "$(inherited) @executable_path/Frameworks @loader_path/Frameworks";
				PRODUCT_BUNDLE_IDENTIFIER = eminsonerturk.ZamanlayiciTests;
				PRODUCT_NAME = "$(TARGET_NAME)";
				SWIFT_VERSION = 3.0;
				TEST_HOST = "$(BUILT_PRODUCTS_DIR)/Zamanlayici.app/Zamanlayici";
			};
			name = Release;
		};
		76E1E94D1F6DB0DC005C547E /* Debug */ = {
			isa = XCBuildConfiguration;
			buildSettings = {
				ALWAYS_EMBED_SWIFT_STANDARD_LIBRARIES = YES;
				INFOPLIST_FILE = ZamanlayiciUITests/Info.plist;
				LD_RUNPATH_SEARCH_PATHS = "$(inherited) @executable_path/Frameworks @loader_path/Frameworks";
				PRODUCT_BUNDLE_IDENTIFIER = eminsonerturk.ZamanlayiciUITests;
				PRODUCT_NAME = "$(TARGET_NAME)";
				SWIFT_VERSION = 3.0;
				TEST_TARGET_NAME = Zamanlayici;
			};
			name = Debug;
		};
		76E1E94E1F6DB0DC005C547E /* Release */ = {
			isa = XCBuildConfiguration;
			buildSettings = {
				ALWAYS_EMBED_SWIFT_STANDARD_LIBRARIES = YES;
				INFOPLIST_FILE = ZamanlayiciUITests/Info.plist;
				LD_RUNPATH_SEARCH_PATHS = "$(inherited) @executable_path/Frameworks @loader_path/Frameworks";
				PRODUCT_BUNDLE_IDENTIFIER = eminsonerturk.ZamanlayiciUITests;
				PRODUCT_NAME = "$(TARGET_NAME)";
				SWIFT_VERSION = 3.0;
				TEST_TARGET_NAME = Zamanlayici;
			};
			name = Release;
		};
/* End XCBuildConfiguration section */

/* Begin XCConfigurationList section */
		76E1E9191F6DB0DC005C547E /* Build configuration list for PBXProject "Zamanlayici" */ = {
			isa = XCConfigurationList;
			buildConfigurations = (
				76E1E9441F6DB0DC005C547E /* Debug */,
				76E1E9451F6DB0DC005C547E /* Release */,
			);
			defaultConfigurationIsVisible = 0;
			defaultConfigurationName = Release;
		};
		76E1E9461F6DB0DC005C547E /* Build configuration list for PBXNativeTarget "Zamanlayici" */ = {
			isa = XCConfigurationList;
			buildConfigurations = (
				76E1E9471F6DB0DC005C547E /* Debug */,
				76E1E9481F6DB0DC005C547E /* Release */,
			);
			defaultConfigurationIsVisible = 0;
		};
		76E1E9491F6DB0DC005C547E /* Build configuration list for PBXNativeTarget "ZamanlayiciTests" */ = {
			isa = XCConfigurationList;
			buildConfigurations = (
				76E1E94A1F6DB0DC005C547E /* Debug */,
				76E1E94B1F6DB0DC005C547E /* Release */,
			);
			defaultConfigurationIsVisible = 0;
		};
		76E1E94C1F6DB0DC005C547E /* Build configuration list for PBXNativeTarget "ZamanlayiciUITests" */ = {
			isa = XCConfigurationList;
			buildConfigurations = (
				76E1E94D1F6DB0DC005C547E /* Debug */,
				76E1E94E1F6DB0DC005C547E /* Release */,
			);
			defaultConfigurationIsVisible = 0;
		};
/* End XCConfigurationList section */
	};
	rootObject = 76E1E9161F6DB0DC005C547E /* Project object */;
}
