// !$*UTF8*$!
{
	archiveVersion = 1;
	classes = {
	};
	objectVersion = 46;
	objects = {

/* Begin PBXBuildFile section */
		7619F8F01FAE7357005472ED /* AppDelegate.swift in Sources */ = {isa = PBXBuildFile; fileRef = 7619F8EF1FAE7357005472ED /* AppDelegate.swift */; };
		7619F8F21FAE7357005472ED /* ViewController.swift in Sources */ = {isa = PBXBuildFile; fileRef = 7619F8F11FAE7357005472ED /* ViewController.swift */; };
		7619F8F51FAE7357005472ED /* Main.storyboard in Resources */ = {isa = PBXBuildFile; fileRef = 7619F8F31FAE7357005472ED /* Main.storyboard */; };
		7619F8F71FAE7357005472ED /* Assets.xcassets in Resources */ = {isa = PBXBuildFile; fileRef = 7619F8F61FAE7357005472ED /* Assets.xcassets */; };
		7619F8FA1FAE7357005472ED /* LaunchScreen.storyboard in Resources */ = {isa = PBXBuildFile; fileRef = 7619F8F81FAE7357005472ED /* LaunchScreen.storyboard */; };
/* End PBXBuildFile section */

/* Begin PBXFileReference section */
		7619F8EC1FAE7357005472ED /* Currency Conventer.app */ = {isa = PBXFileReference; explicitFileType = wrapper.application; includeInIndex = 0; path = "Currency Conventer.app"; sourceTree = BUILT_PRODUCTS_DIR; };
		7619F8EF1FAE7357005472ED /* AppDelegate.swift */ = {isa = PBXFileReference; lastKnownFileType = sourcecode.swift; path = AppDelegate.swift; sourceTree = "<group>"; };
		7619F8F11FAE7357005472ED /* ViewController.swift */ = {isa = PBXFileReference; lastKnownFileType = sourcecode.swift; path = ViewController.swift; sourceTree = "<group>"; };
		7619F8F41FAE7357005472ED /* Base */ = {isa = PBXFileReference; lastKnownFileType = file.storyboard; name = Base; path = Base.lproj/Main.storyboard; sourceTree = "<group>"; };
		7619F8F61FAE7357005472ED /* Assets.xcassets */ = {isa = PBXFileReference; lastKnownFileType = folder.assetcatalog; path = Assets.xcassets; sourceTree = "<group>"; };
		7619F8F91FAE7357005472ED /* Base */ = {isa = PBXFileReference; lastKnownFileType = file.storyboard; name = Base; path = Base.lproj/LaunchScreen.storyboard; sourceTree = "<group>"; };
		7619F8FB1FAE7357005472ED /* Info.plist */ = {isa = PBXFileReference; lastKnownFileType = text.plist.xml; path = Info.plist; sourceTree = "<group>"; };
/* End PBXFileReference section */

/* Begin PBXFrameworksBuildPhase section */
		7619F8E91FAE7357005472ED /* Frameworks */ = {
			isa = PBXFrameworksBuildPhase;
			buildActionMask = 2147483647;
			files = (
			);
			runOnlyForDeploymentPostprocessing = 0;
		};
/* End PBXFrameworksBuildPhase section */

/* Begin PBXGroup section */
		7619F8E31FAE7357005472ED = {
			isa = PBXGroup;
			children = (
				7619F8EE1FAE7357005472ED /* Currency Conventer */,
				7619F8ED1FAE7357005472ED /* Products */,
			);
			sourceTree = "<group>";
		};
		7619F8ED1FAE7357005472ED /* Products */ = {
			isa = PBXGroup;
			children = (
				7619F8EC1FAE7357005472ED /* Currency Conventer.app */,
			);
			name = Products;
			sourceTree = "<group>";
		};
		7619F8EE1FAE7357005472ED /* Currency Conventer */ = {
			isa = PBXGroup;
			children = (
				7619F8EF1FAE7357005472ED /* AppDelegate.swift */,
				7619F8F11FAE7357005472ED /* ViewController.swift */,
				7619F8F31FAE7357005472ED /* Main.storyboard */,
				7619F8F61FAE7357005472ED /* Assets.xcassets */,
				7619F8F81FAE7357005472ED /* LaunchScreen.storyboard */,
				7619F8FB1FAE7357005472ED /* Info.plist */,
			);
			path = "Currency Conventer";
			sourceTree = "<group>";
		};
/* End PBXGroup section */

/* Begin PBXNativeTarget section */
		7619F8EB1FAE7357005472ED /* Currency Conventer */ = {
			isa = PBXNativeTarget;
			buildConfigurationList = 7619F8FE1FAE7357005472ED /* Build configuration list for PBXNativeTarget "Currency Conventer" */;
			buildPhases = (
				7619F8E81FAE7357005472ED /* Sources */,
				7619F8E91FAE7357005472ED /* Frameworks */,
				7619F8EA1FAE7357005472ED /* Resources */,
			);
			buildRules = (
			);
			dependencies = (
			);
			name = "Currency Conventer";
			productName = "Currency Conventer";
			productReference = 7619F8EC1FAE7357005472ED /* Currency Conventer.app */;
			productType = "com.apple.product-type.application";
		};
/* End PBXNativeTarget section */

/* Begin PBXProject section */
		7619F8E41FAE7357005472ED /* Project object */ = {
			isa = PBXProject;
			attributes = {
				LastSwiftUpdateCheck = 0820;
				LastUpgradeCheck = 0820;
				ORGANIZATIONNAME = "Emin Soner TÜRK";
				TargetAttributes = {
					7619F8EB1FAE7357005472ED = {
						CreatedOnToolsVersion = 8.2.1;
						DevelopmentTeam = 8EFA58U88P;
						ProvisioningStyle = Automatic;
					};
				};
			};
			buildConfigurationList = 7619F8E71FAE7357005472ED /* Build configuration list for PBXProject "Currency Conventer" */;
			compatibilityVersion = "Xcode 3.2";
			developmentRegion = English;
			hasScannedForEncodings = 0;
			knownRegions = (
				en,
				Base,
			);
			mainGroup = 7619F8E31FAE7357005472ED;
			productRefGroup = 7619F8ED1FAE7357005472ED /* Products */;
			projectDirPath = "";
			projectRoot = "";
			targets = (
				7619F8EB1FAE7357005472ED /* Currency Conventer */,
			);
		};
/* End PBXProject section */

/* Begin PBXResourcesBuildPhase section */
		7619F8EA1FAE7357005472ED /* Resources */ = {
			isa = PBXResourcesBuildPhase;
			buildActionMask = 2147483647;
			files = (
				7619F8FA1FAE7357005472ED /* LaunchScreen.storyboard in Resources */,
				7619F8F71FAE7357005472ED /* Assets.xcassets in Resources */,
				7619F8F51FAE7357005472ED /* Main.storyboard in Resources */,
			);
			runOnlyForDeploymentPostprocessing = 0;
		};
/* End PBXResourcesBuildPhase section */

/* Begin PBXSourcesBuildPhase section */
		7619F8E81FAE7357005472ED /* Sources */ = {
			isa = PBXSourcesBuildPhase;
			buildActionMask = 2147483647;
			files = (
				7619F8F21FAE7357005472ED /* ViewController.swift in Sources */,
				7619F8F01FAE7357005472ED /* AppDelegate.swift in Sources */,
			);
			runOnlyForDeploymentPostprocessing = 0;
		};
/* End PBXSourcesBuildPhase section */

/* Begin PBXVariantGroup section */
		7619F8F31FAE7357005472ED /* Main.storyboard */ = {
			isa = PBXVariantGroup;
			children = (
				7619F8F41FAE7357005472ED /* Base */,
			);
			name = Main.storyboard;
			sourceTree = "<group>";
		};
		7619F8F81FAE7357005472ED /* LaunchScreen.storyboard */ = {
			isa = PBXVariantGroup;
			children = (
				7619F8F91FAE7357005472ED /* Base */,
			);
			name = LaunchScreen.storyboard;
			sourceTree = "<group>";
		};
/* End PBXVariantGroup section */

/* Begin XCBuildConfiguration section */
		7619F8FC1FAE7357005472ED /* Debug */ = {
			isa = XCBuildConfiguration;
			buildSettings = {
				ALWAYS_SEARCH_USER_PATHS = NO;
				CLANG_ANALYZER_NONNULL = YES;
				CLANG_CXX_LANGUAGE_STANDARD = "gnu++0x";
				CLANG_CXX_LIBRARY = "libc++";
				CLANG_ENABLE_MODULES = YES;
				CLANG_ENABLE_OBJC_ARC = YES;
				CLANG_WARN_BOOL_CONVERSION = YES;
				CLANG_WARN_CONSTANT_CONVERSION = YES;
				CLANG_WARN_DIRECT_OBJC_ISA_USAGE = YES_ERROR;
				CLANG_WARN_DOCUMENTATION_COMMENTS = YES;
				CLANG_WARN_EMPTY_BODY = YES;
				CLANG_WARN_ENUM_CONVERSION = YES;
				CLANG_WARN_INFINITE_RECURSION = YES;
				CLANG_WARN_INT_CONVERSION = YES;
				CLANG_WARN_OBJC_ROOT_CLASS = YES_ERROR;
				CLANG_WARN_SUSPICIOUS_MOVE = YES;
				CLANG_WARN_UNREACHABLE_CODE = YES;
				CLANG_WARN__DUPLICATE_METHOD_MATCH = YES;
				"CODE_SIGN_IDENTITY[sdk=iphoneos*]" = "iPhone Developer";
				COPY_PHASE_STRIP = NO;
				DEBUG_INFORMATION_FORMAT = dwarf;
				ENABLE_STRICT_OBJC_MSGSEND = YES;
				ENABLE_TESTABILITY = YES;
				GCC_C_LANGUAGE_STANDARD = gnu99;
				GCC_DYNAMIC_NO_PIC = NO;
				GCC_NO_COMMON_BLOCKS = YES;
				GCC_OPTIMIZATION_LEVEL = 0;
				GCC_PREPROCESSOR_DEFINITIONS = (
					"DEBUG=1",
					"$(inherited)",
				);
				GCC_WARN_64_TO_32_BIT_CONVERSION = YES;
				GCC_WARN_ABOUT_RETURN_TYPE = YES_ERROR;
				GCC_WARN_UNDECLARED_SELECTOR = YES;
				GCC_WARN_UNINITIALIZED_AUTOS = YES_AGGRESSIVE;
				GCC_WARN_UNUSED_FUNCTION = YES;
				GCC_WARN_UNUSED_VARIABLE = YES;
				IPHONEOS_DEPLOYMENT_TARGET = 10.2;
				MTL_ENABLE_DEBUG_INFO = YES;
				ONLY_ACTIVE_ARCH = YES;
				SDKROOT = iphoneos;
				SWIFT_ACTIVE_COMPILATION_CONDITIONS = DEBUG;
				SWIFT_OPTIMIZATION_LEVEL = "-Onone";
				TARGETED_DEVICE_FAMILY = "1,2";
			};
			name = Debug;
		};
		7619F8FD1FAE7357005472ED /* Release */ = {
			isa = XCBuildConfiguration;
			buildSettings = {
				ALWAYS_SEARCH_USER_PATHS = NO;
				CLANG_ANALYZER_NONNULL = YES;
				CLANG_CXX_LANGUAGE_STANDARD = "gnu++0x";
				CLANG_CXX_LIBRARY = "libc++";
				CLANG_ENABLE_MODULES = YES;
				CLANG_ENABLE_OBJC_ARC = YES;
				CLANG_WARN_BOOL_CONVERSION = YES;
				CLANG_WARN_CONSTANT_CONVERSION = YES;
				CLANG_WARN_DIRECT_OBJC_ISA_USAGE = YES_ERROR;
				CLANG_WARN_DOCUMENTATION_COMMENTS = YES;
				CLANG_WARN_EMPTY_BODY = YES;
				CLANG_WARN_ENUM_CONVERSION = YES;
				CLANG_WARN_INFINITE_RECURSION = YES;
				CLANG_WARN_INT_CONVERSION = YES;
				CLANG_WARN_OBJC_ROOT_CLASS = YES_ERROR;
				CLANG_WARN_SUSPICIOUS_MOVE = YES;
				CLANG_WARN_UNREACHABLE_CODE = YES;
				CLANG_WARN__DUPLICATE_METHOD_MATCH = YES;
				"CODE_SIGN_IDENTITY[sdk=iphoneos*]" = "iPhone Developer";
				COPY_PHASE_STRIP = NO;
				DEBUG_INFORMATION_FORMAT = "dwarf-with-dsym";
				ENABLE_NS_ASSERTIONS = NO;
				ENABLE_STRICT_OBJC_MSGSEND = YES;
				GCC_C_LANGUAGE_STANDARD = gnu99;
				GCC_NO_COMMON_BLOCKS = YES;
				GCC_WARN_64_TO_32_BIT_CONVERSION = YES;
				GCC_WARN_ABOUT_RETURN_TYPE = YES_ERROR;
				GCC_WARN_UNDECLARED_SELECTOR = YES;
				GCC_WARN_UNINITIALIZED_AUTOS = YES_AGGRESSIVE;
				GCC_WARN_UNUSED_FUNCTION = YES;
				GCC_WARN_UNUSED_VARIABLE = YES;
				IPHONEOS_DEPLOYMENT_TARGET = 10.2;
				MTL_ENABLE_DEBUG_INFO = NO;
				SDKROOT = iphoneos;
				SWIFT_OPTIMIZATION_LEVEL = "-Owholemodule";
				TARGETED_DEVICE_FAMILY = "1,2";
				VALIDATE_PRODUCT = YES;
			};
			name = Release;
		};
		7619F8FF1FAE7357005472ED /* Debug */ = {
			isa = XCBuildConfiguration;
			buildSettings = {
				ASSETCATALOG_COMPILER_APPICON_NAME = AppIcon;
				DEVELOPMENT_TEAM = 8EFA58U88P;
				INFOPLIST_FILE = "Currency Conventer/Info.plist";
				LD_RUNPATH_SEARCH_PATHS = "$(inherited) @executable_path/Frameworks";
				PRODUCT_BUNDLE_IDENTIFIER = "eminsonerturk.Currency-Conventer";
				PRODUCT_NAME = "$(TARGET_NAME)";
				SWIFT_VERSION = 3.0;
			};
			name = Debug;
		};
		7619F9001FAE7357005472ED /* Release */ = {
			isa = XCBuildConfiguration;
			buildSettings = {
				ASSETCATALOG_COMPILER_APPICON_NAME = AppIcon;
				DEVELOPMENT_TEAM = 8EFA58U88P;
				INFOPLIST_FILE = "Currency Conventer/Info.plist";
				LD_RUNPATH_SEARCH_PATHS = "$(inherited) @executable_path/Frameworks";
				PRODUCT_BUNDLE_IDENTIFIER = "eminsonerturk.Currency-Conventer";
				PRODUCT_NAME = "$(TARGET_NAME)";
				SWIFT_VERSION = 3.0;
			};
			name = Release;
		};
/* End XCBuildConfiguration section */

/* Begin XCConfigurationList section */
		7619F8E71FAE7357005472ED /* Build configuration list for PBXProject "Currency Conventer" */ = {
			isa = XCConfigurationList;
			buildConfigurations = (
				7619F8FC1FAE7357005472ED /* Debug */,
				7619F8FD1FAE7357005472ED /* Release */,
			);
			defaultConfigurationIsVisible = 0;
			defaultConfigurationName = Release;
		};
		7619F8FE1FAE7357005472ED /* Build configuration list for PBXNativeTarget "Currency Conventer" */ = {
			isa = XCConfigurationList;
			buildConfigurations = (
				7619F8FF1FAE7357005472ED /* Debug */,
				7619F9001FAE7357005472ED /* Release */,
			);
			defaultConfigurationIsVisible = 0;
		};
/* End XCConfigurationList section */
	};
	rootObject = 7619F8E41FAE7357005472ED /* Project object */;
}
