// !$*UTF8*$!
{
	archiveVersion = 1;
	classes = {
	};
	objectVersion = 46;
	objects = {

/* Begin PBXBuildFile section */
		76CE59A11F9E94CC007D1A21 /* Travel_Map_Book.xcdatamodeld in Sources */ = {isa = PBXBuildFile; fileRef = 762BDE671F9D36D6004240CE /* Travel_Map_Book.xcdatamodeld */; };
		76CE59A31F9E94D7007D1A21 /* tableVC.swift in Sources */ = {isa = PBXBuildFile; fileRef = 768B40A21F9D47B20088D842 /* tableVC.swift */; };
		76CE59A41F9E94DA007D1A21 /* mapVC.swift in Sources */ = {isa = PBXBuildFile; fileRef = 762BDE621F9D36D6004240CE /* mapVC.swift */; };
		76CE59A51F9E94DD007D1A21 /* AppDelegate.swift in Sources */ = {isa = PBXBuildFile; fileRef = 762BDE601F9D36D6004240CE /* AppDelegate.swift */; };
/* End PBXBuildFile section */

/* Begin PBXFileReference section */
		762BDE5D1F9D36D6004240CE /* Travel-Map-Book.app */ = {isa = PBXFileReference; explicitFileType = wrapper.application; includeInIndex = 0; path = "Travel-Map-Book.app"; sourceTree = BUILT_PRODUCTS_DIR; };
		762BDE601F9D36D6004240CE /* AppDelegate.swift */ = {isa = PBXFileReference; lastKnownFileType = sourcecode.swift; path = AppDelegate.swift; sourceTree = "<group>"; };
		762BDE621F9D36D6004240CE /* mapVC.swift */ = {isa = PBXFileReference; lastKnownFileType = sourcecode.swift; path = mapVC.swift; sourceTree = "<group>"; };
		762BDE651F9D36D6004240CE /* Base */ = {isa = PBXFileReference; lastKnownFileType = file.storyboard; name = Base; path = Base.lproj/Main.storyboard; sourceTree = "<group>"; };
		762BDE681F9D36D6004240CE /* Travel_Map_Book.xcdatamodel */ = {isa = PBXFileReference; lastKnownFileType = wrapper.xcdatamodel; path = Travel_Map_Book.xcdatamodel; sourceTree = "<group>"; };
		762BDE6A1F9D36D6004240CE /* Assets.xcassets */ = {isa = PBXFileReference; lastKnownFileType = folder.assetcatalog; path = Assets.xcassets; sourceTree = "<group>"; };
		762BDE6D1F9D36D6004240CE /* Base */ = {isa = PBXFileReference; lastKnownFileType = file.storyboard; name = Base; path = Base.lproj/LaunchScreen.storyboard; sourceTree = "<group>"; };
		762BDE6F1F9D36D6004240CE /* Info.plist */ = {isa = PBXFileReference; lastKnownFileType = text.plist.xml; path = Info.plist; sourceTree = "<group>"; };
		768B40A21F9D47B20088D842 /* tableVC.swift */ = {isa = PBXFileReference; fileEncoding = 4; lastKnownFileType = sourcecode.swift; path = tableVC.swift; sourceTree = "<group>"; };
/* End PBXFileReference section */

/* Begin PBXFrameworksBuildPhase section */
		762BDE5A1F9D36D6004240CE /* Frameworks */ = {
			isa = PBXFrameworksBuildPhase;
			buildActionMask = 2147483647;
			files = (
			);
			runOnlyForDeploymentPostprocessing = 0;
		};
/* End PBXFrameworksBuildPhase section */

/* Begin PBXGroup section */
		762BDE541F9D36D6004240CE = {
			isa = PBXGroup;
			children = (
				762BDE5F1F9D36D6004240CE /* Travel-Map-Book */,
				762BDE5E1F9D36D6004240CE /* Products */,
			);
			sourceTree = "<group>";
		};
		762BDE5E1F9D36D6004240CE /* Products */ = {
			isa = PBXGroup;
			children = (
				762BDE5D1F9D36D6004240CE /* Travel-Map-Book.app */,
			);
			name = Products;
			sourceTree = "<group>";
		};
		762BDE5F1F9D36D6004240CE /* Travel-Map-Book */ = {
			isa = PBXGroup;
			children = (
				762BDE601F9D36D6004240CE /* AppDelegate.swift */,
				762BDE621F9D36D6004240CE /* mapVC.swift */,
				768B40A21F9D47B20088D842 /* tableVC.swift */,
				762BDE641F9D36D6004240CE /* Main.storyboard */,
				762BDE6A1F9D36D6004240CE /* Assets.xcassets */,
				762BDE6C1F9D36D6004240CE /* LaunchScreen.storyboard */,
				762BDE6F1F9D36D6004240CE /* Info.plist */,
				762BDE671F9D36D6004240CE /* Travel_Map_Book.xcdatamodeld */,
			);
			path = "Travel-Map-Book";
			sourceTree = "<group>";
		};
/* End PBXGroup section */

/* Begin PBXNativeTarget section */
		762BDE5C1F9D36D6004240CE /* Travel-Map-Book */ = {
			isa = PBXNativeTarget;
			buildConfigurationList = 762BDE721F9D36D6004240CE /* Build configuration list for PBXNativeTarget "Travel-Map-Book" */;
			buildPhases = (
				762BDE591F9D36D6004240CE /* Sources */,
				762BDE5A1F9D36D6004240CE /* Frameworks */,
			);
			buildRules = (
			);
			dependencies = (
			);
			name = "Travel-Map-Book";
			productName = "Travel-Map-Book";
			productReference = 762BDE5D1F9D36D6004240CE /* Travel-Map-Book.app */;
			productType = "com.apple.product-type.application";
		};
/* End PBXNativeTarget section */

/* Begin PBXProject section */
		762BDE551F9D36D6004240CE /* Project object */ = {
			isa = PBXProject;
			attributes = {
				LastSwiftUpdateCheck = 0820;
				LastUpgradeCheck = 0820;
				ORGANIZATIONNAME = "Emin Soner TÜRK";
				TargetAttributes = {
					762BDE5C1F9D36D6004240CE = {
						CreatedOnToolsVersion = 8.2.1;
						DevelopmentTeam = 8EFA58U88P;
						ProvisioningStyle = Automatic;
					};
				};
			};
			buildConfigurationList = 762BDE581F9D36D6004240CE /* Build configuration list for PBXProject "Travel-Map-Book" */;
			compatibilityVersion = "Xcode 3.2";
			developmentRegion = English;
			hasScannedForEncodings = 0;
			knownRegions = (
				en,
				Base,
			);
			mainGroup = 762BDE541F9D36D6004240CE;
			productRefGroup = 762BDE5E1F9D36D6004240CE /* Products */;
			projectDirPath = "";
			projectRoot = "";
			targets = (
				762BDE5C1F9D36D6004240CE /* Travel-Map-Book */,
			);
		};
/* End PBXProject section */

/* Begin PBXSourcesBuildPhase section */
		762BDE591F9D36D6004240CE /* Sources */ = {
			isa = PBXSourcesBuildPhase;
			buildActionMask = 2147483647;
			files = (
				76CE59A51F9E94DD007D1A21 /* AppDelegate.swift in Sources */,
				76CE59A11F9E94CC007D1A21 /* Travel_Map_Book.xcdatamodeld in Sources */,
				76CE59A31F9E94D7007D1A21 /* tableVC.swift in Sources */,
				76CE59A41F9E94DA007D1A21 /* mapVC.swift in Sources */,
			);
			runOnlyForDeploymentPostprocessing = 0;
		};
/* End PBXSourcesBuildPhase section */

/* Begin PBXVariantGroup section */
		762BDE641F9D36D6004240CE /* Main.storyboard */ = {
			isa = PBXVariantGroup;
			children = (
				762BDE651F9D36D6004240CE /* Base */,
			);
			name = Main.storyboard;
			sourceTree = "<group>";
		};
		762BDE6C1F9D36D6004240CE /* LaunchScreen.storyboard */ = {
			isa = PBXVariantGroup;
			children = (
				762BDE6D1F9D36D6004240CE /* Base */,
			);
			name = LaunchScreen.storyboard;
			sourceTree = "<group>";
		};
/* End PBXVariantGroup section */

/* Begin XCBuildConfiguration section */
		762BDE701F9D36D6004240CE /* Debug */ = {
			isa = XCBuildConfiguration;
			buildSettings = {
				ALWAYS_SEARCH_USER_PATHS = NO;
				CLANG_ANALYZER_NONNULL = YES;
				CLANG_CXX_LANGUAGE_STANDARD = "gnu++0x";
				CLANG_CXX_LIBRARY = "libc++";
				CLANG_ENABLE_MODULES = YES;
				CLANG_ENABLE_OBJC_ARC = YES;
				CLANG_WARN_BOOL_CONVERSION = YES;
				CLANG_WARN_CONSTANT_CONVERSION = YES;
				CLANG_WARN_DIRECT_OBJC_ISA_USAGE = YES_ERROR;
				CLANG_WARN_DOCUMENTATION_COMMENTS = YES;
				CLANG_WARN_EMPTY_BODY = YES;
				CLANG_WARN_ENUM_CONVERSION = YES;
				CLANG_WARN_INFINITE_RECURSION = YES;
				CLANG_WARN_INT_CONVERSION = YES;
				CLANG_WARN_OBJC_ROOT_CLASS = YES_ERROR;
				CLANG_WARN_SUSPICIOUS_MOVE = YES;
				CLANG_WARN_UNREACHABLE_CODE = YES;
				CLANG_WARN__DUPLICATE_METHOD_MATCH = YES;
				"CODE_SIGN_IDENTITY[sdk=iphoneos*]" = "iPhone Developer";
				COPY_PHASE_STRIP = NO;
				DEBUG_INFORMATION_FORMAT = dwarf;
				ENABLE_STRICT_OBJC_MSGSEND = YES;
				ENABLE_TESTABILITY = YES;
				GCC_C_LANGUAGE_STANDARD = gnu99;
				GCC_DYNAMIC_NO_PIC = NO;
				GCC_NO_COMMON_BLOCKS = YES;
				GCC_OPTIMIZATION_LEVEL = 0;
				GCC_PREPROCESSOR_DEFINITIONS = (
					"DEBUG=1",
					"$(inherited)",
				);
				GCC_WARN_64_TO_32_BIT_CONVERSION = YES;
				GCC_WARN_ABOUT_RETURN_TYPE = YES_ERROR;
				GCC_WARN_UNDECLARED_SELECTOR = YES;
				GCC_WARN_UNINITIALIZED_AUTOS = YES_AGGRESSIVE;
				GCC_WARN_UNUSED_FUNCTION = YES;
				GCC_WARN_UNUSED_VARIABLE = YES;
				IPHONEOS_DEPLOYMENT_TARGET = 10.2;
				MTL_ENABLE_DEBUG_INFO = YES;
				ONLY_ACTIVE_ARCH = YES;
				SDKROOT = iphoneos;
				SWIFT_ACTIVE_COMPILATION_CONDITIONS = DEBUG;
				SWIFT_OPTIMIZATION_LEVEL = "-Onone";
			};
			name = Debug;
		};
		762BDE711F9D36D6004240CE /* Release */ = {
			isa = XCBuildConfiguration;
			buildSettings = {
				ALWAYS_SEARCH_USER_PATHS = NO;
				CLANG_ANALYZER_NONNULL = YES;
				CLANG_CXX_LANGUAGE_STANDARD = "gnu++0x";
				CLANG_CXX_LIBRARY = "libc++";
				CLANG_ENABLE_MODULES = YES;
				CLANG_ENABLE_OBJC_ARC = YES;
				CLANG_WARN_BOOL_CONVERSION = YES;
				CLANG_WARN_CONSTANT_CONVERSION = YES;
				CLANG_WARN_DIRECT_OBJC_ISA_USAGE = YES_ERROR;
				CLANG_WARN_DOCUMENTATION_COMMENTS = YES;
				CLANG_WARN_EMPTY_BODY = YES;
				CLANG_WARN_ENUM_CONVERSION = YES;
				CLANG_WARN_INFINITE_RECURSION = YES;
				CLANG_WARN_INT_CONVERSION = YES;
				CLANG_WARN_OBJC_ROOT_CLASS = YES_ERROR;
				CLANG_WARN_SUSPICIOUS_MOVE = YES;
				CLANG_WARN_UNREACHABLE_CODE = YES;
				CLANG_WARN__DUPLICATE_METHOD_MATCH = YES;
				"CODE_SIGN_IDENTITY[sdk=iphoneos*]" = "iPhone Developer";
				COPY_PHASE_STRIP = NO;
				DEBUG_INFORMATION_FORMAT = "dwarf-with-dsym";
				ENABLE_NS_ASSERTIONS = NO;
				ENABLE_STRICT_OBJC_MSGSEND = YES;
				GCC_C_LANGUAGE_STANDARD = gnu99;
				GCC_NO_COMMON_BLOCKS = YES;
				GCC_WARN_64_TO_32_BIT_CONVERSION = YES;
				GCC_WARN_ABOUT_RETURN_TYPE = YES_ERROR;
				GCC_WARN_UNDECLARED_SELECTOR = YES;
				GCC_WARN_UNINITIALIZED_AUTOS = YES_AGGRESSIVE;
				GCC_WARN_UNUSED_FUNCTION = YES;
				GCC_WARN_UNUSED_VARIABLE = YES;
				IPHONEOS_DEPLOYMENT_TARGET = 10.2;
				MTL_ENABLE_DEBUG_INFO = NO;
				SDKROOT = iphoneos;
				SWIFT_OPTIMIZATION_LEVEL = "-Owholemodule";
				VALIDATE_PRODUCT = YES;
			};
			name = Release;
		};
		762BDE731F9D36D6004240CE /* Debug */ = {
			isa = XCBuildConfiguration;
			buildSettings = {
				ASSETCATALOG_COMPILER_APPICON_NAME = AppIcon;
				"CODE_SIGN_IDENTITY[sdk=iphoneos*]" = "iPhone Developer";
				DEVELOPMENT_TEAM = 8EFA58U88P;
				INFOPLIST_FILE = "Travel-Map-Book/Info.plist";
				IPHONEOS_DEPLOYMENT_TARGET = 10.2;
				LD_RUNPATH_SEARCH_PATHS = "$(inherited) @executable_path/Frameworks";
				PRODUCT_BUNDLE_IDENTIFIER = "eminsonerturk.Travel-Map-Book";
				PRODUCT_NAME = "$(TARGET_NAME)";
				SWIFT_VERSION = 3.0;
				TARGETED_DEVICE_FAMILY = 1;
			};
			name = Debug;
		};
		762BDE741F9D36D6004240CE /* Release */ = {
			isa = XCBuildConfiguration;
			buildSettings = {
				ASSETCATALOG_COMPILER_APPICON_NAME = AppIcon;
				"CODE_SIGN_IDENTITY[sdk=iphoneos*]" = "iPhone Developer";
				DEVELOPMENT_TEAM = 8EFA58U88P;
				INFOPLIST_FILE = "Travel-Map-Book/Info.plist";
				IPHONEOS_DEPLOYMENT_TARGET = 10.2;
				LD_RUNPATH_SEARCH_PATHS = "$(inherited) @executable_path/Frameworks";
				PRODUCT_BUNDLE_IDENTIFIER = "eminsonerturk.Travel-Map-Book";
				PRODUCT_NAME = "$(TARGET_NAME)";
				SWIFT_VERSION = 3.0;
				TARGETED_DEVICE_FAMILY = 1;
			};
			name = Release;
		};
/* End XCBuildConfiguration section */

/* Begin XCConfigurationList section */
		762BDE581F9D36D6004240CE /* Build configuration list for PBXProject "Travel-Map-Book" */ = {
			isa = XCConfigurationList;
			buildConfigurations = (
				762BDE701F9D36D6004240CE /* Debug */,
				762BDE711F9D36D6004240CE /* Release */,
			);
			defaultConfigurationIsVisible = 0;
			defaultConfigurationName = Release;
		};
		762BDE721F9D36D6004240CE /* Build configuration list for PBXNativeTarget "Travel-Map-Book" */ = {
			isa = XCConfigurationList;
			buildConfigurations = (
				762BDE731F9D36D6004240CE /* Debug */,
				762BDE741F9D36D6004240CE /* Release */,
			);
			defaultConfigurationIsVisible = 0;
			defaultConfigurationName = Release;
		};
/* End XCConfigurationList section */

/* Begin XCVersionGroup section */
		762BDE671F9D36D6004240CE /* Travel_Map_Book.xcdatamodeld */ = {
			isa = XCVersionGroup;
			children = (
				762BDE681F9D36D6004240CE /* Travel_Map_Book.xcdatamodel */,
			);
			currentVersion = 762BDE681F9D36D6004240CE /* Travel_Map_Book.xcdatamodel */;
			path = Travel_Map_Book.xcdatamodeld;
			sourceTree = "<group>";
			versionGroupType = wrapper.xcdatamodel;
		};
/* End XCVersionGroup section */
	};
	rootObject = 762BDE551F9D36D6004240CE /* Project object */;
}
